
Microsoft Visual Studio Solution File, Format Version 12.00
# Visual Studio Version 16
VisualStudioVersion = 16.0.810.17
MinimumVisualStudioVersion = 10.0.40219.1
Project("{FAE04EC0-301F-11D3-BF4B-00C04F79EFBC}") = "NFTMarket.Android", "NFTMarket.Android\NFTMarket.Android.csproj", "{A92C938D-3473-41DD-A2D1-CA675B0C3CB6}"
EndProject
Project("{FAE04EC0-301F-11D3-BF4B-00C04F79EFBC}") = "NFTMarket.iOS", "NFTMarket.iOS\NFTMarket.iOS.csproj", "{A1FA329F-EA3F-47BA-9FF2-ECE74B665D5F}"
EndProject
Project("{FAE04EC0-301F-11D3-BF4B-00C04F79EFBC}") = "NFTMarket", "NFTMarket\NFTMarket.csproj", "{7358800D-EC58-4EB0-9801-B7E65848A8E1}"
EndProject
Global
	GlobalSection(SolutionConfigurationPlatforms) = preSolution
		Debug|Any CPU = Debug|Any CPU
		Release|Any CPU = Release|Any CPU
		Debug|iPhoneSimulator = Debug|iPhoneSimulator
		Release|iPhoneSimulator = Release|iPhoneSimulator
		Debug|iPhone = Debug|iPhone
		Release|iPhone = Release|iPhone
	EndGlobalSection
	GlobalSection(ProjectConfigurationPlatforms) = postSolution
		{A92C938D-3473-41DD-A2D1-CA675B0C3CB6}.Debug|Any CPU.ActiveCfg = Debug|Any CPU
		{A92C938D-3473-41DD-A2D1-CA675B0C3CB6}.Debug|Any CPU.Build.0 = Debug|Any CPU
		{A92C938D-3473-41DD-A2D1-CA675B0C3CB6}.Release|Any CPU.ActiveCfg = Release|Any CPU
		{A92C938D-3473-41DD-A2D1-CA675B0C3CB6}.Release|Any CPU.Build.0 = Release|Any CPU
		{A92C938D-3473-41DD-A2D1-CA675B0C3CB6}.Debug|iPhoneSimulator.ActiveCfg = Debug|Any CPU
		{A92C938D-3473-41DD-A2D1-CA675B0C3CB6}.Debug|iPhoneSimulator.Build.0 = Debug|Any CPU
		{A92C938D-3473-41DD-A2D1-CA675B0C3CB6}.Release|iPhoneSimulator.ActiveCfg = Release|Any CPU
		{A92C938D-3473-41DD-A2D1-CA675B0C3CB6}.Release|iPhoneSimulator.Build.0 = Release|Any CPU
		{A92C938D-3473-41DD-A2D1-CA675B0C3CB6}.Debug|iPhone.ActiveCfg = Debug|Any CPU
		{A92C938D-3473-41DD-A2D1-CA675B0C3CB6}.Debug|iPhone.Build.0 = Debug|Any CPU
		{A92C938D-3473-41DD-A2D1-CA675B0C3CB6}.Release|iPhone.ActiveCfg = Release|Any CPU
		{A92C938D-3473-41DD-A2D1-CA675B0C3CB6}.Release|iPhone.Build.0 = Release|Any CPU
		{A1FA329F-EA3F-47BA-9FF2-ECE74B665D5F}.Debug|Any CPU.ActiveCfg = Debug|iPhoneSimulator
		{A1FA329F-EA3F-47BA-9FF2-ECE74B665D5F}.Debug|Any CPU.Build.0 = Debug|iPhoneSimulator
		{A1FA329F-EA3F-47BA-9FF2-ECE74B665D5F}.Release|Any CPU.ActiveCfg = Release|iPhoneSimulator
		{A1FA329F-EA3F-47BA-9FF2-ECE74B665D5F}.Release|Any CPU.Build.0 = Release|iPhoneSimulator
		{A1FA329F-EA3F-47BA-9FF2-ECE74B665D5F}.Debug|iPhoneSimulator.ActiveCfg = Debug|iPhoneSimulator
		{A1FA329F-EA3F-47BA-9FF2-ECE74B665D5F}.Debug|iPhoneSimulator.Build.0 = Debug|iPhoneSimulator
		{A1FA329F-EA3F-47BA-9FF2-ECE74B665D5F}.Release|iPhoneSimulator.ActiveCfg = Release|iPhoneSimulator
		{A1FA329F-EA3F-47BA-9FF2-ECE74B665D5F}.Release|iPhoneSimulator.Build.0 = Release|iPhoneSimulator
		{A1FA329F-EA3F-47BA-9FF2-ECE74B665D5F}.Debug|iPhone.ActiveCfg = Debug|iPhone
		{A1FA329F-EA3F-47BA-9FF2-ECE74B665D5F}.Debug|iPhone.Build.0 = Debug|iPhone
		{A1FA329F-EA3F-47BA-9FF2-ECE74B665D5F}.Release|iPhone.ActiveCfg = Release|iPhone
		{A1FA329F-EA3F-47BA-9FF2-ECE74B665D5F}.Release|iPhone.Build.0 = Release|iPhone
		{7358800D-EC58-4EB0-9801-B7E65848A8E1}.Debug|Any CPU.ActiveCfg = Debug|Any CPU
		{7358800D-EC58-4EB0-9801-B7E65848A8E1}.Debug|Any CPU.Build.0 = Debug|Any CPU
		{7358800D-EC58-4EB0-9801-B7E65848A8E1}.Release|Any CPU.ActiveCfg = Release|Any CPU
		{7358800D-EC58-4EB0-9801-B7E65848A8E1}.Release|Any CPU.Build.0 = Release|Any CPU
		{7358800D-EC58-4EB0-9801-B7E65848A8E1}.Debug|iPhoneSimulator.ActiveCfg = Debug|Any CPU
		{7358800D-EC58-4EB0-9801-B7E65848A8E1}.Debug|iPhoneSimulator.Build.0 = Debug|Any CPU
		{7358800D-EC58-4EB0-9801-B7E65848A8E1}.Release|iPhoneSimulator.ActiveCfg = Release|Any CPU
		{7358800D-EC58-4EB0-9801-B7E65848A8E1}.Release|iPhoneSimulator.Build.0 = Release|Any CPU
		{7358800D-EC58-4EB0-9801-B7E65848A8E1}.Debug|iPhone.ActiveCfg = Debug|Any CPU
		{7358800D-EC58-4EB0-9801-B7E65848A8E1}.Debug|iPhone.Build.0 = Debug|Any CPU
		{7358800D-EC58-4EB0-9801-B7E65848A8E1}.Release|iPhone.ActiveCfg = Release|Any CPU
		{7358800D-EC58-4EB0-9801-B7E65848A8E1}.Release|iPhone.Build.0 = Release|Any CPU
	EndGlobalSection
	GlobalSection(SolutionProperties) = preSolution
		HideSolutionNode = FALSE
	EndGlobalSection
	GlobalSection(ExtensibilityGlobals) = postSolution
		SolutionGuid = {1F2B89B1-5BEF-4581-B021-C3130AFFC555}
	EndGlobalSection
EndGlobal
